
Microsoft Visual Studio Solution File, Format Version 12.00
# Visual Studio Version 17
VisualStudioVersion = 17.0.31903.59
MinimumVisualStudioVersion = 10.0.40219.1
Project("{FAE04EC0-301F-11D3-BF4B-00C04F79EFBC}") = "CsvPeople.Web", "CsvPeople.Web\CsvPeople.Web.csproj", "{D0C1C393-C50F-4420-87BC-B905730EB8D5}"
EndProject
Project("{FAE04EC0-301F-11D3-BF4B-00C04F79EFBC}") = "CsvPeople.Data", "CsvPeople.Data\CsvPeople.Data.csproj", "{5514F49B-AC75-4053-BB72-D2B39AE0F4AF}"
EndProject
Global
	GlobalSection(SolutionConfigurationPlatforms) = preSolution
		Debug|Any CPU = Debug|Any CPU
		Release|Any CPU = Release|Any CPU
	EndGlobalSection
	GlobalSection(SolutionProperties) = preSolution
		HideSolutionNode = FALSE
	EndGlobalSection
	GlobalSection(ProjectConfigurationPlatforms) = postSolution
		{D0C1C393-C50F-4420-87BC-B905730EB8D5}.Debug|Any CPU.ActiveCfg = Debug|Any CPU
		{D0C1C393-C50F-4420-87BC-B905730EB8D5}.Debug|Any CPU.Build.0 = Debug|Any CPU
		{D0C1C393-C50F-4420-87BC-B905730EB8D5}.Release|Any CPU.ActiveCfg = Release|Any CPU
		{D0C1C393-C50F-4420-87BC-B905730EB8D5}.Release|Any CPU.Build.0 = Release|Any CPU
		{5514F49B-AC75-4053-BB72-D2B39AE0F4AF}.Debug|Any CPU.ActiveCfg = Debug|Any CPU
		{5514F49B-AC75-4053-BB72-D2B39AE0F4AF}.Debug|Any CPU.Build.0 = Debug|Any CPU
		{5514F49B-AC75-4053-BB72-D2B39AE0F4AF}.Release|Any CPU.ActiveCfg = Release|Any CPU
		{5514F49B-AC75-4053-BB72-D2B39AE0F4AF}.Release|Any CPU.Build.0 = Release|Any CPU
	EndGlobalSection
EndGlobal
